golang.org/x/crypto v0.0.0-20181024132630-e84da0312774c21d64ee2317962ef669b27ffb41 h1:IlSGaL0SqFiWKa+4DitAJUo/USS7vA2+5VhRfkkF048=
golang.org/x/crypto v0.0.0-20181024132630-e84da0312774c21d64ee2317962ef669b27ffb41/go.mod h1:6SG95UA2DQfeDnfUPMdvaQW0Q7yPrPDi9nlGo2tz2b4=
golang.org/x/sys v0.0.0-20190509141414-a5b02f93d862 h1:rM0ROo5vb9AdYJi1110yjWGMej9ITfKddS89P3Fkhug=
golang.org/x/sys v0.0.0-20190509141414-a5b02f93d862/go.mod h1:h1NjWce9XRLGQEsW7wpKNCjG9DtNlClVuFLEZdDNbEs=
